
Microsoft Visual Studio Solution File, Format Version 12.00
# Visual Studio Version 17
VisualStudioVersion = 17.11.35208.52
MinimumVisualStudioVersion = 10.0.40219.1
Project("{FAE04EC0-301F-11D3-BF4B-00C04F79EFBC}") = "HDI.Entities", "HDI.Entities\HDI.Entities.csproj", "{680D5385-CD68-487A-8867-316C6FF23788}"
EndProject
Project("{FAE04EC0-301F-11D3-BF4B-00C04F79EFBC}") = "HDI.Data", "HDI.Data\HDI.Data.csproj", "{AC04D492-452C-4F82-B459-F20614598FE4}"
EndProject
Project("{FAE04EC0-301F-11D3-BF4B-00C04F79EFBC}") = "HDI.Business", "HDI.Business\HDI.Business.csproj", "{C77AD22F-FD5A-434B-B3B7-AA2E5AFB9ACA}"
EndProject
Project("{FAE04EC0-301F-11D3-BF4B-00C04F79EFBC}") = "HDI.Service", "HDI.Service\HDI.Service.csproj", "{D2B178FF-69BD-4129-A8CF-0B21B2F30518}"
EndProject
Project("{FAE04EC0-301F-11D3-BF4B-00C04F79EFBC}") = "HDI.Core", "HDI.Core\HDI.Core.csproj", "{D2418DC4-0860-4BE5-ABEE-52E9A87647D1}"
EndProject
Project("{2150E333-8FDC-42A3-9474-1A3956D46DE8}") = "Database", "Database", "{6CB0DDB7-4BD6-481E-9320-51504785D58F}"
	ProjectSection(SolutionItems) = preProject
		DBScripts.sql = DBScripts.sql
	EndProjectSection
EndProject
Global
	GlobalSection(SolutionConfigurationPlatforms) = preSolution
		Debug|Any CPU = Debug|Any CPU
		Release|Any CPU = Release|Any CPU
	EndGlobalSection
	GlobalSection(ProjectConfigurationPlatforms) = postSolution
		{680D5385-CD68-487A-8867-316C6FF23788}.Debug|Any CPU.ActiveCfg = Debug|Any CPU
		{680D5385-CD68-487A-8867-316C6FF23788}.Debug|Any CPU.Build.0 = Debug|Any CPU
		{680D5385-CD68-487A-8867-316C6FF23788}.Release|Any CPU.ActiveCfg = Release|Any CPU
		{680D5385-CD68-487A-8867-316C6FF23788}.Release|Any CPU.Build.0 = Release|Any CPU
		{AC04D492-452C-4F82-B459-F20614598FE4}.Debug|Any CPU.ActiveCfg = Debug|Any CPU
		{AC04D492-452C-4F82-B459-F20614598FE4}.Debug|Any CPU.Build.0 = Debug|Any CPU
		{AC04D492-452C-4F82-B459-F20614598FE4}.Release|Any CPU.ActiveCfg = Release|Any CPU
		{AC04D492-452C-4F82-B459-F20614598FE4}.Release|Any CPU.Build.0 = Release|Any CPU
		{C77AD22F-FD5A-434B-B3B7-AA2E5AFB9ACA}.Debug|Any CPU.ActiveCfg = Debug|Any CPU
		{C77AD22F-FD5A-434B-B3B7-AA2E5AFB9ACA}.Debug|Any CPU.Build.0 = Debug|Any CPU
		{C77AD22F-FD5A-434B-B3B7-AA2E5AFB9ACA}.Release|Any CPU.ActiveCfg = Release|Any CPU
		{C77AD22F-FD5A-434B-B3B7-AA2E5AFB9ACA}.Release|Any CPU.Build.0 = Release|Any CPU
		{D2B178FF-69BD-4129-A8CF-0B21B2F30518}.Debug|Any CPU.ActiveCfg = Debug|Any CPU
		{D2B178FF-69BD-4129-A8CF-0B21B2F30518}.Debug|Any CPU.Build.0 = Debug|Any CPU
		{D2B178FF-69BD-4129-A8CF-0B21B2F30518}.Release|Any CPU.ActiveCfg = Release|Any CPU
		{D2B178FF-69BD-4129-A8CF-0B21B2F30518}.Release|Any CPU.Build.0 = Release|Any CPU
		{D2418DC4-0860-4BE5-ABEE-52E9A87647D1}.Debug|Any CPU.ActiveCfg = Debug|Any CPU
		{D2418DC4-0860-4BE5-ABEE-52E9A87647D1}.Debug|Any CPU.Build.0 = Debug|Any CPU
		{D2418DC4-0860-4BE5-ABEE-52E9A87647D1}.Release|Any CPU.ActiveCfg = Release|Any CPU
		{D2418DC4-0860-4BE5-ABEE-52E9A87647D1}.Release|Any CPU.Build.0 = Release|Any CPU
	EndGlobalSection
	GlobalSection(SolutionProperties) = preSolution
		HideSolutionNode = FALSE
	EndGlobalSection
	GlobalSection(ExtensibilityGlobals) = postSolution
		SolutionGuid = {B96D11E0-C18B-4FD9-A4C8-9971F4A96AAF}
	EndGlobalSection
EndGlobal
